
Microsoft Visual Studio Solution File, Format Version 12.00
# Visual Studio Version 17
VisualStudioVersion = 17.10.35013.160
MinimumVisualStudioVersion = 10.0.40219.1
Project("{FAE04EC0-301F-11D3-BF4B-00C04F79EFBC}") = "WinFormsApp7", "WinFormsApp7.csproj", "{4C589F60-678B-4AEF-BA18-4AD29B36AD21}"
EndProject
Global
	GlobalSection(SolutionConfigurationPlatforms) = preSolution
		Debug|Any CPU = Debug|Any CPU
		Release|Any CPU = Release|Any CPU
	EndGlobalSection
	GlobalSection(ProjectConfigurationPlatforms) = postSolution
		{4C589F60-678B-4AEF-BA18-4AD29B36AD21}.Debug|Any CPU.ActiveCfg = Debug|Any CPU
		{4C589F60-678B-4AEF-BA18-4AD29B36AD21}.Debug|Any CPU.Build.0 = Debug|Any CPU
		{4C589F60-678B-4AEF-BA18-4AD29B36AD21}.Release|Any CPU.ActiveCfg = Release|Any CPU
		{4C589F60-678B-4AEF-BA18-4AD29B36AD21}.Release|Any CPU.Build.0 = Release|Any CPU
	EndGlobalSection
	GlobalSection(SolutionProperties) = preSolution
		HideSolutionNode = FALSE
	EndGlobalSection
	GlobalSection(ExtensibilityGlobals) = postSolution
		SolutionGuid = {B1AF05AF-7D05-495D-B332-92D257E0D88C}
	EndGlobalSection
EndGlobal
